// !$*UTF8*$!
{
	archiveVersion = 1;
	classes = {
	};
	objectVersion = 51;
	objects = {

/* Begin PBXBuildFile section */
		254CB4928BD9C9C16FE82CE7 /* Pods_letsMeet.framework in Frameworks */ = {isa = PBXBuildFile; fileRef = FCBE734999A9717073E1327E /* Pods_letsMeet.framework */; };
		F71E33382459C29600E8BFA7 /* SessionViewModel.swift in Sources */ = {isa = PBXBuildFile; fileRef = F71E33372459C29600E8BFA7 /* SessionViewModel.swift */; };
		F7223EB5246706CF00DD9B28 /* ImageViewAspectFit.swift in Sources */ = {isa = PBXBuildFile; fileRef = F7223EB4246706CF00DD9B28 /* ImageViewAspectFit.swift */; };
		F7223EB7246707F800DD9B28 /* ImageViewAspectFill.swift in Sources */ = {isa = PBXBuildFile; fileRef = F7223EB6246707F800DD9B28 /* ImageViewAspectFill.swift */; };
		F7223EB92467086200DD9B28 /* TextFieldIntend.swift in Sources */ = {isa = PBXBuildFile; fileRef = F7223EB82467086200DD9B28 /* TextFieldIntend.swift */; };
		F7223EBB24670CB500DD9B28 /* Extentions+UIButton.swift in Sources */ = {isa = PBXBuildFile; fileRef = F7223EBA24670CB500DD9B28 /* Extentions+UIButton.swift */; };
		F7223EBD24670F7000DD9B28 /* Extensions+UILabel.swift in Sources */ = {isa = PBXBuildFile; fileRef = F7223EBC24670F7000DD9B28 /* Extensions+UILabel.swift */; };
		F7223EBF2467108700DD9B28 /* Extensions+UIStackView.swift in Sources */ = {isa = PBXBuildFile; fileRef = F7223EBE2467108700DD9B28 /* Extensions+UIStackView.swift */; };
		F7223EC124673ADC00DD9B28 /* Extensions+UITextField.swift in Sources */ = {isa = PBXBuildFile; fileRef = F7223EC024673ADC00DD9B28 /* Extensions+UITextField.swift */; };
		F7223EC324673C1800DD9B28 /* Extensions+UITextView.swift in Sources */ = {isa = PBXBuildFile; fileRef = F7223EC224673C1800DD9B28 /* Extensions+UITextView.swift */; };
		F7223EC5246742A400DD9B28 /* Extensions+UIView+Stack.swift in Sources */ = {isa = PBXBuildFile; fileRef = F7223EC4246742A400DD9B28 /* Extensions+UIView+Stack.swift */; };
		F7223EC724674ADB00DD9B28 /* CircleImageView.swift in Sources */ = {isa = PBXBuildFile; fileRef = F7223EC624674ADB00DD9B28 /* CircleImageView.swift */; };
		F7223EC924674D8100DD9B28 /* ListCell.swift in Sources */ = {isa = PBXBuildFile; fileRef = F7223EC824674D8100DD9B28 /* ListCell.swift */; };
		F729F412246448870047586A /* MatchingView.swift in Sources */ = {isa = PBXBuildFile; fileRef = F729F411246448870047586A /* MatchingView.swift */; };
		F729F41424646B240047586A /* SendMessageButton.swift in Sources */ = {isa = PBXBuildFile; fileRef = F729F41324646B240047586A /* SendMessageButton.swift */; };
		F729F41624646FB80047586A /* KeepSwipingButton.swift in Sources */ = {isa = PBXBuildFile; fileRef = F729F41524646FB80047586A /* KeepSwipingButton.swift */; };
		F749BDE4246C8F9500053FF1 /* Message.swift in Sources */ = {isa = PBXBuildFile; fileRef = F749BDE3246C8F9500053FF1 /* Message.swift */; };
		F749BDE6246C8FBF00053FF1 /* Matching.swift in Sources */ = {isa = PBXBuildFile; fileRef = F749BDE5246C8FBF00053FF1 /* Matching.swift */; };
		F74D6DB02458759000A5F393 /* Extensions+Firestore.swift in Sources */ = {isa = PBXBuildFile; fileRef = F74D6DAF2458759000A5F393 /* Extensions+Firestore.swift */; };
		F7629862244728970033AE5C /* NavbarStackView.swift in Sources */ = {isa = PBXBuildFile; fileRef = F7629861244728970033AE5C /* NavbarStackView.swift */; };
		F7629864244781140033AE5C /* PersonCardView.swift in Sources */ = {isa = PBXBuildFile; fileRef = F7629863244781140033AE5C /* PersonCardView.swift */; };
		F76298672447A9D40033AE5C /* User.swift in Sources */ = {isa = PBXBuildFile; fileRef = F76298662447A9D40033AE5C /* User.swift */; };
		F76BC67B2454B48C009EEA10 /* ProfileCell.swift in Sources */ = {isa = PBXBuildFile; fileRef = F76BC67A2454B48C009EEA10 /* ProfileCell.swift */; };
		F76CE2D32469A9D600C0D0B5 /* MessageController.swift in Sources */ = {isa = PBXBuildFile; fileRef = F76CE2D22469A9D600C0D0B5 /* MessageController.swift */; };
		F76CE2D6246A140F00C0D0B5 /* MessageNavBar.swift in Sources */ = {isa = PBXBuildFile; fileRef = F76CE2D5246A140F00C0D0B5 /* MessageNavBar.swift */; };
		F76E76BC245DA7580010D317 /* PhotoTransitionController.swift in Sources */ = {isa = PBXBuildFile; fileRef = F76E76BB245DA7580010D317 /* PhotoTransitionController.swift */; };
		F776E3CE2446316F006C3D16 /* AppDelegate.swift in Sources */ = {isa = PBXBuildFile; fileRef = F776E3CD2446316F006C3D16 /* AppDelegate.swift */; };
		F776E3D22446316F006C3D16 /* MainController.swift in Sources */ = {isa = PBXBuildFile; fileRef = F776E3D12446316F006C3D16 /* MainController.swift */; };
		F776E3D52446316F006C3D16 /* Main.storyboard in Resources */ = {isa = PBXBuildFile; fileRef = F776E3D32446316F006C3D16 /* Main.storyboard */; };
		F776E3D724463172006C3D16 /* Assets.xcassets in Resources */ = {isa = PBXBuildFile; fileRef = F776E3D624463172006C3D16 /* Assets.xcassets */; };
		F776E3DA24463172006C3D16 /* LaunchScreen.storyboard in Resources */ = {isa = PBXBuildFile; fileRef = F776E3D824463172006C3D16 /* LaunchScreen.storyboard */; };
		F776E3E324463311006C3D16 /* Extensions+UIView.swift in Sources */ = {isa = PBXBuildFile; fileRef = F776E3E224463311006C3D16 /* Extensions+UIView.swift */; };
		F776E3E6244651ED006C3D16 /* TabbarStackView.swift in Sources */ = {isa = PBXBuildFile; fileRef = F776E3E5244651ED006C3D16 /* TabbarStackView.swift */; };
		F77E1F1D24534F4C00DD83EA /* ProfileController.swift in Sources */ = {isa = PBXBuildFile; fileRef = F77E1F1C24534F4C00DD83EA /* ProfileController.swift */; };
		F7A6FD5A24685AC8000ADFF2 /* ListHeaderFooterController.swift in Sources */ = {isa = PBXBuildFile; fileRef = F7A6FD5924685AC8000ADFF2 /* ListHeaderFooterController.swift */; };
		F7A6FD5C246867C4000ADFF2 /* ListHeaderController.swift in Sources */ = {isa = PBXBuildFile; fileRef = F7A6FD5B246867C4000ADFF2 /* ListHeaderController.swift */; };
		F7A6FD5E24686841000ADFF2 /* ListController.swift in Sources */ = {isa = PBXBuildFile; fileRef = F7A6FD5D24686841000ADFF2 /* ListController.swift */; };
		F7A6FD6124686908000ADFF2 /* MatchingMessagesController.swift in Sources */ = {isa = PBXBuildFile; fileRef = F7A6FD6024686908000ADFF2 /* MatchingMessagesController.swift */; };
		F7A6FD6324689870000ADFF2 /* MatchingNavBar.swift in Sources */ = {isa = PBXBuildFile; fileRef = F7A6FD6224689870000ADFF2 /* MatchingNavBar.swift */; };
		F7C58A22245B03C600EF1DBD /* LoginController.swift in Sources */ = {isa = PBXBuildFile; fileRef = F7C58A21245B03C600EF1DBD /* LoginController.swift */; };
		F7C58A24245B068200EF1DBD /* LetsMeetButton.swift in Sources */ = {isa = PBXBuildFile; fileRef = F7C58A23245B068200EF1DBD /* LetsMeetButton.swift */; };
		F7C58A27245B39BF00EF1DBD /* UserDetailController.swift in Sources */ = {isa = PBXBuildFile; fileRef = F7C58A26245B39BF00EF1DBD /* UserDetailController.swift */; };
		F7C92405244DAE7600A65ADE /* RegisterViewModel.swift in Sources */ = {isa = PBXBuildFile; fileRef = F7C92404244DAE7600A65ADE /* RegisterViewModel.swift */; };
		F7C92408244DAF9300A65ADE /* Validations.swift in Sources */ = {isa = PBXBuildFile; fileRef = F7C92407244DAF9300A65ADE /* Validations.swift */; };
		F7C9240A244DC3F800A65ADE /* GoogleService-Info.plist in Resources */ = {isa = PBXBuildFile; fileRef = F7C92409244DC3F800A65ADE /* GoogleService-Info.plist */; };
		F7C9240C244DDE9700A65ADE /* Bindable.swift in Sources */ = {isa = PBXBuildFile; fileRef = F7C9240B244DDE9700A65ADE /* Bindable.swift */; };
		F7EBCF8C2450934900CB3A9E /* CreateProfileViewModel.swift in Sources */ = {isa = PBXBuildFile; fileRef = F7EBCF8B2450934900CB3A9E /* CreateProfileViewModel.swift */; };
		F7F50A8824486BC600C5C39C /* UserProfileViewModel.swift in Sources */ = {isa = PBXBuildFile; fileRef = F7F50A8724486BC600C5C39C /* UserProfileViewModel.swift */; };
		F7F50A8A24486FEA00C5C39C /* Advertisement.swift in Sources */ = {isa = PBXBuildFile; fileRef = F7F50A8924486FEA00C5C39C /* Advertisement.swift */; };
		F7F50A8C244A04D700C5C39C /* RegisterController.swift in Sources */ = {isa = PBXBuildFile; fileRef = F7F50A8B244A04D700C5C39C /* RegisterController.swift */; };
		F7F50A8E244A0B3A00C5C39C /* SceneDelegate.swift in Sources */ = {isa = PBXBuildFile; fileRef = F7F50A8D244A0B3A00C5C39C /* SceneDelegate.swift */; };
		F7F50A90244B871500C5C39C /* LetsMeetTextField.swift in Sources */ = {isa = PBXBuildFile; fileRef = F7F50A8F244B871500C5C39C /* LetsMeetTextField.swift */; };
		F7FDC8DE24560509009ED40C /* AgeRangeCell.swift in Sources */ = {isa = PBXBuildFile; fileRef = F7FDC8DD24560509009ED40C /* AgeRangeCell.swift */; };
/* End PBXBuildFile section */

/* Begin PBXFileReference section */
		33C0033C57E9C49FF36A6DD5 /* Pods-letsMeet.debug.xcconfig */ = {isa = PBXFileReference; includeInIndex = 1; lastKnownFileType = text.xcconfig; name = "Pods-letsMeet.debug.xcconfig"; path = "Target Support Files/Pods-letsMeet/Pods-letsMeet.debug.xcconfig"; sourceTree = "<group>"; };
		EA209CD17D44C68463EAB778 /* Pods-letsMeet.release.xcconfig */ = {isa = PBXFileReference; includeInIndex = 1; lastKnownFileType = text.xcconfig; name = "Pods-letsMeet.release.xcconfig"; path = "Target Support Files/Pods-letsMeet/Pods-letsMeet.release.xcconfig"; sourceTree = "<group>"; };
		F71E33372459C29600E8BFA7 /* SessionViewModel.swift */ = {isa = PBXFileReference; lastKnownFileType = sourcecode.swift; path = SessionViewModel.swift; sourceTree = "<group>"; };
		F7223EB4246706CF00DD9B28 /* ImageViewAspectFit.swift */ = {isa = PBXFileReference; lastKnownFileType = sourcecode.swift; path = ImageViewAspectFit.swift; sourceTree = "<group>"; };
		F7223EB6246707F800DD9B28 /* ImageViewAspectFill.swift */ = {isa = PBXFileReference; lastKnownFileType = sourcecode.swift; path = ImageViewAspectFill.swift; sourceTree = "<group>"; };
		F7223EB82467086200DD9B28 /* TextFieldIntend.swift */ = {isa = PBXFileReference; lastKnownFileType = sourcecode.swift; path = TextFieldIntend.swift; sourceTree = "<group>"; };
		F7223EBA24670CB500DD9B28 /* Extentions+UIButton.swift */ = {isa = PBXFileReference; lastKnownFileType = sourcecode.swift; path = "Extentions+UIButton.swift"; sourceTree = "<group>"; };
		F7223EBC24670F7000DD9B28 /* Extensions+UILabel.swift */ = {isa = PBXFileReference; lastKnownFileType = sourcecode.swift; path = "Extensions+UILabel.swift"; sourceTree = "<group>"; };
		F7223EBE2467108700DD9B28 /* Extensions+UIStackView.swift */ = {isa = PBXFileReference; lastKnownFileType = sourcecode.swift; path = "Extensions+UIStackView.swift"; sourceTree = "<group>"; };
		F7223EC024673ADC00DD9B28 /* Extensions+UITextField.swift */ = {isa = PBXFileReference; lastKnownFileType = sourcecode.swift; path = "Extensions+UITextField.swift"; sourceTree = "<group>"; };
		F7223EC224673C1800DD9B28 /* Extensions+UITextView.swift */ = {isa = PBXFileReference; lastKnownFileType = sourcecode.swift; path = "Extensions+UITextView.swift"; sourceTree = "<group>"; };
		F7223EC4246742A400DD9B28 /* Extensions+UIView+Stack.swift */ = {isa = PBXFileReference; lastKnownFileType = sourcecode.swift; path = "Extensions+UIView+Stack.swift"; sourceTree = "<group>"; };
		F7223EC624674ADB00DD9B28 /* CircleImageView.swift */ = {isa = PBXFileReference; lastKnownFileType = sourcecode.swift; path = CircleImageView.swift; sourceTree = "<group>"; };
		F7223EC824674D8100DD9B28 /* ListCell.swift */ = {isa = PBXFileReference; lastKnownFileType = sourcecode.swift; path = ListCell.swift; sourceTree = "<group>"; };
		F729F411246448870047586A /* MatchingView.swift */ = {isa = PBXFileReference; lastKnownFileType = sourcecode.swift; path = MatchingView.swift; sourceTree = "<group>"; };
		F729F41324646B240047586A /* SendMessageButton.swift */ = {isa = PBXFileReference; lastKnownFileType = sourcecode.swift; path = SendMessageButton.swift; sourceTree = "<group>"; };
		F729F41524646FB80047586A /* KeepSwipingButton.swift */ = {isa = PBXFileReference; lastKnownFileType = sourcecode.swift; path = KeepSwipingButton.swift; sourceTree = "<group>"; };
		F749BDE3246C8F9500053FF1 /* Message.swift */ = {isa = PBXFileReference; lastKnownFileType = sourcecode.swift; path = Message.swift; sourceTree = "<group>"; };
		F749BDE5246C8FBF00053FF1 /* Matching.swift */ = {isa = PBXFileReference; lastKnownFileType = sourcecode.swift; path = Matching.swift; sourceTree = "<group>"; };
		F74D6DAF2458759000A5F393 /* Extensions+Firestore.swift */ = {isa = PBXFileReference; lastKnownFileType = sourcecode.swift; path = "Extensions+Firestore.swift"; sourceTree = "<group>"; };
		F7629861244728970033AE5C /* NavbarStackView.swift */ = {isa = PBXFileReference; lastKnownFileType = sourcecode.swift; path = NavbarStackView.swift; sourceTree = "<group>"; };
		F7629863244781140033AE5C /* PersonCardView.swift */ = {isa = PBXFileReference; lastKnownFileType = sourcecode.swift; path = PersonCardView.swift; sourceTree = "<group>"; };
		F76298662447A9D40033AE5C /* User.swift */ = {isa = PBXFileReference; lastKnownFileType = sourcecode.swift; path = User.swift; sourceTree = "<group>"; };
		F76BC67A2454B48C009EEA10 /* ProfileCell.swift */ = {isa = PBXFileReference; lastKnownFileType = sourcecode.swift; path = ProfileCell.swift; sourceTree = "<group>"; };
		F76CE2D22469A9D600C0D0B5 /* MessageController.swift */ = {isa = PBXFileReference; lastKnownFileType = sourcecode.swift; path = MessageController.swift; sourceTree = "<group>"; };
		F76CE2D5246A140F00C0D0B5 /* MessageNavBar.swift */ = {isa = PBXFileReference; lastKnownFileType = sourcecode.swift; path = MessageNavBar.swift; sourceTree = "<group>"; };
		F76E76BB245DA7580010D317 /* PhotoTransitionController.swift */ = {isa = PBXFileReference; lastKnownFileType = sourcecode.swift; path = PhotoTransitionController.swift; sourceTree = "<group>"; };
		F776E3CA2446316F006C3D16 /* letsMeet.app */ = {isa = PBXFileReference; explicitFileType = wrapper.application; includeInIndex = 0; path = letsMeet.app; sourceTree = BUILT_PRODUCTS_DIR; };
		F776E3CD2446316F006C3D16 /* AppDelegate.swift */ = {isa = PBXFileReference; lastKnownFileType = sourcecode.swift; path = AppDelegate.swift; sourceTree = "<group>"; };
		F776E3D12446316F006C3D16 /* MainController.swift */ = {isa = PBXFileReference; lastKnownFileType = sourcecode.swift; path = MainController.swift; sourceTree = "<group>"; };
		F776E3D42446316F006C3D16 /* Base */ = {isa = PBXFileReference; lastKnownFileType = file.storyboard; name = Base; path = Base.lproj/Main.storyboard; sourceTree = "<group>"; };
		F776E3D624463172006C3D16 /* Assets.xcassets */ = {isa = PBXFileReference; lastKnownFileType = folder.assetcatalog; path = Assets.xcassets; sourceTree = "<group>"; };
		F776E3D924463172006C3D16 /* Base */ = {isa = PBXFileReference; lastKnownFileType = file.storyboard; name = Base; path = Base.lproj/LaunchScreen.storyboard; sourceTree = "<group>"; };
		F776E3DB24463172006C3D16 /* Info.plist */ = {isa = PBXFileReference; lastKnownFileType = text.plist.xml; path = Info.plist; sourceTree = "<group>"; };
		F776E3E224463311006C3D16 /* Extensions+UIView.swift */ = {isa = PBXFileReference; lastKnownFileType = sourcecode.swift; path = "Extensions+UIView.swift"; sourceTree = "<group>"; };
		F776E3E5244651ED006C3D16 /* TabbarStackView.swift */ = {isa = PBXFileReference; lastKnownFileType = sourcecode.swift; path = TabbarStackView.swift; sourceTree = "<group>"; };
		F77E1F1C24534F4C00DD83EA /* ProfileController.swift */ = {isa = PBXFileReference; lastKnownFileType = sourcecode.swift; path = ProfileController.swift; sourceTree = "<group>"; };
		F7A6FD5924685AC8000ADFF2 /* ListHeaderFooterController.swift */ = {isa = PBXFileReference; lastKnownFileType = sourcecode.swift; path = ListHeaderFooterController.swift; sourceTree = "<group>"; };
		F7A6FD5B246867C4000ADFF2 /* ListHeaderController.swift */ = {isa = PBXFileReference; lastKnownFileType = sourcecode.swift; path = ListHeaderController.swift; sourceTree = "<group>"; };
		F7A6FD5D24686841000ADFF2 /* ListController.swift */ = {isa = PBXFileReference; lastKnownFileType = sourcecode.swift; path = ListController.swift; sourceTree = "<group>"; };
		F7A6FD6024686908000ADFF2 /* MatchingMessagesController.swift */ = {isa = PBXFileReference; lastKnownFileType = sourcecode.swift; path = MatchingMessagesController.swift; sourceTree = "<group>"; };
		F7A6FD6224689870000ADFF2 /* MatchingNavBar.swift */ = {isa = PBXFileReference; lastKnownFileType = sourcecode.swift; path = MatchingNavBar.swift; sourceTree = "<group>"; };
		F7C58A21245B03C600EF1DBD /* LoginController.swift */ = {isa = PBXFileReference; lastKnownFileType = sourcecode.swift; path = LoginController.swift; sourceTree = "<group>"; };
		F7C58A23245B068200EF1DBD /* LetsMeetButton.swift */ = {isa = PBXFileReference; lastKnownFileType = sourcecode.swift; path = LetsMeetButton.swift; sourceTree = "<group>"; };
		F7C58A26245B39BF00EF1DBD /* UserDetailController.swift */ = {isa = PBXFileReference; lastKnownFileType = sourcecode.swift; path = UserDetailController.swift; sourceTree = "<group>"; };
		F7C92404244DAE7600A65ADE /* RegisterViewModel.swift */ = {isa = PBXFileReference; lastKnownFileType = sourcecode.swift; path = RegisterViewModel.swift; sourceTree = "<group>"; };
		F7C92407244DAF9300A65ADE /* Validations.swift */ = {isa = PBXFileReference; lastKnownFileType = sourcecode.swift; path = Validations.swift; sourceTree = "<group>"; };
		F7C92409244DC3F800A65ADE /* GoogleService-Info.plist */ = {isa = PBXFileReference; fileEncoding = 4; lastKnownFileType = text.plist.xml; path = "GoogleService-Info.plist"; sourceTree = "<group>"; };
		F7C9240B244DDE9700A65ADE /* Bindable.swift */ = {isa = PBXFileReference; lastKnownFileType = sourcecode.swift; path = Bindable.swift; sourceTree = "<group>"; };
		F7EBCF8B2450934900CB3A9E /* CreateProfileViewModel.swift */ = {isa = PBXFileReference; lastKnownFileType = sourcecode.swift; path = CreateProfileViewModel.swift; sourceTree = "<group>"; };
		F7F50A8724486BC600C5C39C /* UserProfileViewModel.swift */ = {isa = PBXFileReference; lastKnownFileType = sourcecode.swift; path = UserProfileViewModel.swift; sourceTree = "<group>"; };
		F7F50A8924486FEA00C5C39C /* Advertisement.swift */ = {isa = PBXFileReference; lastKnownFileType = sourcecode.swift; path = Advertisement.swift; sourceTree = "<group>"; };
		F7F50A8B244A04D700C5C39C /* RegisterController.swift */ = {isa = PBXFileReference; lastKnownFileType = sourcecode.swift; path = RegisterController.swift; sourceTree = "<group>"; };
		F7F50A8D244A0B3A00C5C39C /* SceneDelegate.swift */ = {isa = PBXFileReference; fileEncoding = 4; lastKnownFileType = sourcecode.swift; path = SceneDelegate.swift; sourceTree = "<group>"; };
		F7F50A8F244B871500C5C39C /* LetsMeetTextField.swift */ = {isa = PBXFileReference; lastKnownFileType = sourcecode.swift; path = LetsMeetTextField.swift; sourceTree = "<group>"; };
		F7FDC8DD24560509009ED40C /* AgeRangeCell.swift */ = {isa = PBXFileReference; lastKnownFileType = sourcecode.swift; path = AgeRangeCell.swift; sourceTree = "<group>"; };
		FCBE734999A9717073E1327E /* Pods_letsMeet.framework */ = {isa = PBXFileReference; explicitFileType = wrapper.framework; includeInIndex = 0; path = Pods_letsMeet.framework; sourceTree = BUILT_PRODUCTS_DIR; };
/* End PBXFileReference section */

/* Begin PBXFrameworksBuildPhase section */
		F776E3C72446316F006C3D16 /* Frameworks */ = {
			isa = PBXFrameworksBuildPhase;
			buildActionMask = 2147483647;
			files = (
				254CB4928BD9C9C16FE82CE7 /* Pods_letsMeet.framework in Frameworks */,
			);
			runOnlyForDeploymentPostprocessing = 0;
		};
/* End PBXFrameworksBuildPhase section */

/* Begin PBXGroup section */
		208F6991D1AF5F7A372D35DE /* Frameworks */ = {
			isa = PBXGroup;
			children = (
				FCBE734999A9717073E1327E /* Pods_letsMeet.framework */,
			);
			name = Frameworks;
			sourceTree = "<group>";
		};
		3F1EC21C0A2D0229893F8D92 /* Pods */ = {
			isa = PBXGroup;
			children = (
				33C0033C57E9C49FF36A6DD5 /* Pods-letsMeet.debug.xcconfig */,
				EA209CD17D44C68463EAB778 /* Pods-letsMeet.release.xcconfig */,
			);
			path = Pods;
			sourceTree = "<group>";
		};
		F71E33362459C1B400E8BFA7 /* Session */ = {
			isa = PBXGroup;
			children = (
				F71E33372459C29600E8BFA7 /* SessionViewModel.swift */,
				F7C58A21245B03C600EF1DBD /* LoginController.swift */,
			);
			path = Session;
			sourceTree = "<group>";
		};
		F76298652447A9C40033AE5C /* Models */ = {
			isa = PBXGroup;
			children = (
				F76298662447A9D40033AE5C /* User.swift */,
				F7F50A8924486FEA00C5C39C /* Advertisement.swift */,
				F749BDE3246C8F9500053FF1 /* Message.swift */,
				F749BDE5246C8FBF00053FF1 /* Matching.swift */,
			);
			path = Models;
			sourceTree = "<group>";
		};
		F76CE2D4246A13E500C0D0B5 /* MatchingMessages */ = {
			isa = PBXGroup;
			children = (
				F7A6FD6224689870000ADFF2 /* MatchingNavBar.swift */,
				F76CE2D5246A140F00C0D0B5 /* MessageNavBar.swift */,
			);
			path = MatchingMessages;
			sourceTree = "<group>";
		};
		F776E3C12446316F006C3D16 = {
			isa = PBXGroup;
			children = (
				F776E3CC2446316F006C3D16 /* letsMeet */,
				F776E3CB2446316F006C3D16 /* Products */,
				3F1EC21C0A2D0229893F8D92 /* Pods */,
				208F6991D1AF5F7A372D35DE /* Frameworks */,
			);
			sourceTree = "<group>";
		};
		F776E3CB2446316F006C3D16 /* Products */ = {
			isa = PBXGroup;
			children = (
				F776E3CA2446316F006C3D16 /* letsMeet.app */,
			);
			name = Products;
			sourceTree = "<group>";
		};
		F776E3CC2446316F006C3D16 /* letsMeet */ = {
			isa = PBXGroup;
			children = (
				F7EBCF8A2450932F00CB3A9E /* Protocols */,
				F7C92406244DAF8300A65ADE /* Helpers */,
				F7F50A8624486BAF00C5C39C /* ViewModels */,
				F76298652447A9C40033AE5C /* Models */,
				F776E3E4244651C0006C3D16 /* Views */,
				F7F50A8524486BA300C5C39C /* ViewControllers */,
				F776E3E1244632FD006C3D16 /* Extensions */,
				F7EBCF8D245093D800CB3A9E /* ApplicationDelegate */,
				F7EBCF8E245093E600CB3A9E /* SceneDelegate */,
				F7EBCF8F2450940300CB3A9E /* Resources */,
				F7EBCF912450946000CB3A9E /* StoryBoards */,
				F7EBCF902450945600CB3A9E /* SupportingFiles */,
			);
			path = letsMeet;
			sourceTree = "<group>";
		};
		F776E3E1244632FD006C3D16 /* Extensions */ = {
			isa = PBXGroup;
			children = (
				F776E3E224463311006C3D16 /* Extensions+UIView.swift */,
				F74D6DAF2458759000A5F393 /* Extensions+Firestore.swift */,
				F7223EB4246706CF00DD9B28 /* ImageViewAspectFit.swift */,
				F7223EB6246707F800DD9B28 /* ImageViewAspectFill.swift */,
				F7223EB82467086200DD9B28 /* TextFieldIntend.swift */,
				F7223EBA24670CB500DD9B28 /* Extentions+UIButton.swift */,
				F7223EBC24670F7000DD9B28 /* Extensions+UILabel.swift */,
				F7223EBE2467108700DD9B28 /* Extensions+UIStackView.swift */,
				F7223EC024673ADC00DD9B28 /* Extensions+UITextField.swift */,
				F7223EC224673C1800DD9B28 /* Extensions+UITextView.swift */,
				F7223EC4246742A400DD9B28 /* Extensions+UIView+Stack.swift */,
			);
			path = Extensions;
			sourceTree = "<group>";
		};
		F776E3E4244651C0006C3D16 /* Views */ = {
			isa = PBXGroup;
			children = (
				F76CE2D4246A13E500C0D0B5 /* MatchingMessages */,
				F776E3E5244651ED006C3D16 /* TabbarStackView.swift */,
				F7629861244728970033AE5C /* NavbarStackView.swift */,
				F7629863244781140033AE5C /* PersonCardView.swift */,
				F7F50A8F244B871500C5C39C /* LetsMeetTextField.swift */,
				F76BC67A2454B48C009EEA10 /* ProfileCell.swift */,
				F7FDC8DD24560509009ED40C /* AgeRangeCell.swift */,
				F7C58A23245B068200EF1DBD /* LetsMeetButton.swift */,
				F729F411246448870047586A /* MatchingView.swift */,
				F729F41324646B240047586A /* SendMessageButton.swift */,
				F729F41524646FB80047586A /* KeepSwipingButton.swift */,
				F7223EC624674ADB00DD9B28 /* CircleImageView.swift */,
				F7223EC824674D8100DD9B28 /* ListCell.swift */,
			);
			path = Views;
			sourceTree = "<group>";
		};
		F7A6FD5F246868DA000ADFF2 /* MatchingMesagges */ = {
			isa = PBXGroup;
			children = (
				F7A6FD6024686908000ADFF2 /* MatchingMessagesController.swift */,
				F76CE2D22469A9D600C0D0B5 /* MessageController.swift */,
			);
			path = MatchingMesagges;
			sourceTree = "<group>";
		};
		F7C58A25245B39A400EF1DBD /* UserDetail */ = {
			isa = PBXGroup;
			children = (
				F7C58A26245B39BF00EF1DBD /* UserDetailController.swift */,
				F76E76BB245DA7580010D317 /* PhotoTransitionController.swift */,
			);
			path = UserDetail;
			sourceTree = "<group>";
		};
		F7C92406244DAF8300A65ADE /* Helpers */ = {
			isa = PBXGroup;
			children = (
				F7C92407244DAF9300A65ADE /* Validations.swift */,
			);
			path = Helpers;
			sourceTree = "<group>";
		};
		F7EBCF8A2450932F00CB3A9E /* Protocols */ = {
			isa = PBXGroup;
			children = (
				F7EBCF8B2450934900CB3A9E /* CreateProfileViewModel.swift */,
			);
			path = Protocols;
			sourceTree = "<group>";
		};
		F7EBCF8D245093D800CB3A9E /* ApplicationDelegate */ = {
			isa = PBXGroup;
			children = (
				F776E3CD2446316F006C3D16 /* AppDelegate.swift */,
			);
			path = ApplicationDelegate;
			sourceTree = "<group>";
		};
		F7EBCF8E245093E600CB3A9E /* SceneDelegate */ = {
			isa = PBXGroup;
			children = (
				F7F50A8D244A0B3A00C5C39C /* SceneDelegate.swift */,
			);
			path = SceneDelegate;
			sourceTree = "<group>";
		};
		F7EBCF8F2450940300CB3A9E /* Resources */ = {
			isa = PBXGroup;
			children = (
				F776E3D624463172006C3D16 /* Assets.xcassets */,
			);
			path = Resources;
			sourceTree = "<group>";
		};
		F7EBCF902450945600CB3A9E /* SupportingFiles */ = {
			isa = PBXGroup;
			children = (
				F7C92409244DC3F800A65ADE /* GoogleService-Info.plist */,
				F776E3DB24463172006C3D16 /* Info.plist */,
			);
			path = SupportingFiles;
			sourceTree = "<group>";
		};
		F7EBCF912450946000CB3A9E /* StoryBoards */ = {
			isa = PBXGroup;
			children = (
				F776E3D32446316F006C3D16 /* Main.storyboard */,
				F776E3D824463172006C3D16 /* LaunchScreen.storyboard */,
			);
			path = StoryBoards;
			sourceTree = "<group>";
		};
		F7F50A8524486BA300C5C39C /* ViewControllers */ = {
			isa = PBXGroup;
			children = (
				F7A6FD5F246868DA000ADFF2 /* MatchingMesagges */,
				F7C58A25245B39A400EF1DBD /* UserDetail */,
				F71E33362459C1B400E8BFA7 /* Session */,
				F776E3D12446316F006C3D16 /* MainController.swift */,
				F7F50A8B244A04D700C5C39C /* RegisterController.swift */,
				F7C9240B244DDE9700A65ADE /* Bindable.swift */,
				F77E1F1C24534F4C00DD83EA /* ProfileController.swift */,
				F7A6FD5924685AC8000ADFF2 /* ListHeaderFooterController.swift */,
				F7A6FD5B246867C4000ADFF2 /* ListHeaderController.swift */,
				F7A6FD5D24686841000ADFF2 /* ListController.swift */,
			);
			path = ViewControllers;
			sourceTree = "<group>";
		};
		F7F50A8624486BAF00C5C39C /* ViewModels */ = {
			isa = PBXGroup;
			children = (
				F7F50A8724486BC600C5C39C /* UserProfileViewModel.swift */,
				F7C92404244DAE7600A65ADE /* RegisterViewModel.swift */,
			);
			path = ViewModels;
			sourceTree = "<group>";
		};
/* End PBXGroup section */

/* Begin PBXNativeTarget section */
		F776E3C92446316F006C3D16 /* letsMeet */ = {
			isa = PBXNativeTarget;
			buildConfigurationList = F776E3DE24463172006C3D16 /* Build configuration list for PBXNativeTarget "letsMeet" */;
			buildPhases = (
				619F13CDBA9F2ED09A38F5BF /* [CP] Check Pods Manifest.lock */,
				F776E3C62446316F006C3D16 /* Sources */,
				F776E3C72446316F006C3D16 /* Frameworks */,
				F776E3C82446316F006C3D16 /* Resources */,
				7CF94AF2DBC9614D989D24A5 /* [CP] Embed Pods Frameworks */,
			);
			buildRules = (
			);
			dependencies = (
			);
			name = letsMeet;
			productName = letsMeet;
			productReference = F776E3CA2446316F006C3D16 /* letsMeet.app */;
			productType = "com.apple.product-type.application";
		};
/* End PBXNativeTarget section */

/* Begin PBXProject section */
		F776E3C22446316F006C3D16 /* Project object */ = {
			isa = PBXProject;
			attributes = {
				LastSwiftUpdateCheck = 1130;
				LastUpgradeCheck = 1130;
				ORGANIZATIONNAME = aisenur;
				TargetAttributes = {
					F776E3C92446316F006C3D16 = {
						CreatedOnToolsVersion = 11.3;
					};
				};
			};
			buildConfigurationList = F776E3C52446316F006C3D16 /* Build configuration list for PBXProject "letsMeet" */;
			compatibilityVersion = "Xcode 9.3";
			developmentRegion = en;
			hasScannedForEncodings = 0;
			knownRegions = (
				en,
				Base,
			);
			mainGroup = F776E3C12446316F006C3D16;
			productRefGroup = F776E3CB2446316F006C3D16 /* Products */;
			projectDirPath = "";
			projectRoot = "";
			targets = (
				F776E3C92446316F006C3D16 /* letsMeet */,
			);
		};
/* End PBXProject section */

/* Begin PBXResourcesBuildPhase section */
		F776E3C82446316F006C3D16 /* Resources */ = {
			isa = PBXResourcesBuildPhase;
			buildActionMask = 2147483647;
			files = (
				F776E3DA24463172006C3D16 /* LaunchScreen.storyboard in Resources */,
				F776E3D724463172006C3D16 /* Assets.xcassets in Resources */,
				F776E3D52446316F006C3D16 /* Main.storyboard in Resources */,
				F7C9240A244DC3F800A65ADE /* GoogleService-Info.plist in Resources */,
			);
			runOnlyForDeploymentPostprocessing = 0;
		};
/* End PBXResourcesBuildPhase section */

/* Begin PBXShellScriptBuildPhase section */
		619F13CDBA9F2ED09A38F5BF /* [CP] Check Pods Manifest.lock */ = {
			isa = PBXShellScriptBuildPhase;
			buildActionMask = 2147483647;
			files = (
			);
			inputFileListPaths = (
			);
			inputPaths = (
				"${PODS_PODFILE_DIR_PATH}/Podfile.lock",
				"${PODS_ROOT}/Manifest.lock",
			);
			name = "[CP] Check Pods Manifest.lock";
			outputFileListPaths = (
			);
			outputPaths = (
				"$(DERIVED_FILE_DIR)/Pods-letsMeet-checkManifestLockResult.txt",
			);
			runOnlyForDeploymentPostprocessing = 0;
			shellPath = /bin/sh;
			shellScript = "diff \"${PODS_PODFILE_DIR_PATH}/Podfile.lock\" \"${PODS_ROOT}/Manifest.lock\" > /dev/null\nif [ $? != 0 ] ; then\n    # print error to STDERR\n    echo \"error: The sandbox is not in sync with the Podfile.lock. Run 'pod install' or update your CocoaPods installation.\" >&2\n    exit 1\nfi\n# This output is used by Xcode 'outputs' to avoid re-running this script phase.\necho \"SUCCESS\" > \"${SCRIPT_OUTPUT_FILE_0}\"\n";
			showEnvVarsInLog = 0;
		};
		7CF94AF2DBC9614D989D24A5 /* [CP] Embed Pods Frameworks */ = {
			isa = PBXShellScriptBuildPhase;
			buildActionMask = 2147483647;
			files = (
			);
			inputFileListPaths = (
				"${PODS_ROOT}/Target Support Files/Pods-letsMeet/Pods-letsMeet-frameworks-${CONFIGURATION}-input-files.xcfilelist",
			);
			name = "[CP] Embed Pods Frameworks";
			outputFileListPaths = (
				"${PODS_ROOT}/Target Support Files/Pods-letsMeet/Pods-letsMeet-frameworks-${CONFIGURATION}-output-files.xcfilelist",
			);
			runOnlyForDeploymentPostprocessing = 0;
			shellPath = /bin/sh;
			shellScript = "\"${PODS_ROOT}/Target Support Files/Pods-letsMeet/Pods-letsMeet-frameworks.sh\"\n";
			showEnvVarsInLog = 0;
		};
/* End PBXShellScriptBuildPhase section */

/* Begin PBXSourcesBuildPhase section */
		F776E3C62446316F006C3D16 /* Sources */ = {
			isa = PBXSourcesBuildPhase;
			buildActionMask = 2147483647;
			files = (
				F7223EBD24670F7000DD9B28 /* Extensions+UILabel.swift in Sources */,
				F776E3D22446316F006C3D16 /* MainController.swift in Sources */,
				F7C58A24245B068200EF1DBD /* LetsMeetButton.swift in Sources */,
				F7223EB92467086200DD9B28 /* TextFieldIntend.swift in Sources */,
				F76E76BC245DA7580010D317 /* PhotoTransitionController.swift in Sources */,
				F7629864244781140033AE5C /* PersonCardView.swift in Sources */,
				F7C58A27245B39BF00EF1DBD /* UserDetailController.swift in Sources */,
				F7F50A8C244A04D700C5C39C /* RegisterController.swift in Sources */,
				F74D6DB02458759000A5F393 /* Extensions+Firestore.swift in Sources */,
				F71E33382459C29600E8BFA7 /* SessionViewModel.swift in Sources */,
				F7C92408244DAF9300A65ADE /* Validations.swift in Sources */,
				F7223EBB24670CB500DD9B28 /* Extentions+UIButton.swift in Sources */,
				F7223EC724674ADB00DD9B28 /* CircleImageView.swift in Sources */,
				F729F41424646B240047586A /* SendMessageButton.swift in Sources */,
				F7A6FD5A24685AC8000ADFF2 /* ListHeaderFooterController.swift in Sources */,
				F7223EBF2467108700DD9B28 /* Extensions+UIStackView.swift in Sources */,
				F7A6FD5C246867C4000ADFF2 /* ListHeaderController.swift in Sources */,
				F776E3E6244651ED006C3D16 /* TabbarStackView.swift in Sources */,
				F7223EC324673C1800DD9B28 /* Extensions+UITextView.swift in Sources */,
				F7223EC5246742A400DD9B28 /* Extensions+UIView+Stack.swift in Sources */,
				F749BDE6246C8FBF00053FF1 /* Matching.swift in Sources */,
				F7223EC924674D8100DD9B28 /* ListCell.swift in Sources */,
				F7C9240C244DDE9700A65ADE /* Bindable.swift in Sources */,
				F729F41624646FB80047586A /* KeepSwipingButton.swift in Sources */,
				F76CE2D6246A140F00C0D0B5 /* MessageNavBar.swift in Sources */,
				F776E3CE2446316F006C3D16 /* AppDelegate.swift in Sources */,
				F7A6FD6324689870000ADFF2 /* MatchingNavBar.swift in Sources */,
				F76298672447A9D40033AE5C /* User.swift in Sources */,
				F729F412246448870047586A /* MatchingView.swift in Sources */,
				F7F50A90244B871500C5C39C /* LetsMeetTextField.swift in Sources */,
				F7C58A22245B03C600EF1DBD /* LoginController.swift in Sources */,
				F77E1F1D24534F4C00DD83EA /* ProfileController.swift in Sources */,
				F7223EC124673ADC00DD9B28 /* Extensions+UITextField.swift in Sources */,
				F7A6FD6124686908000ADFF2 /* MatchingMessagesController.swift in Sources */,
				F7223EB7246707F800DD9B28 /* ImageViewAspectFill.swift in Sources */,
				F7223EB5246706CF00DD9B28 /* ImageViewAspectFit.swift in Sources */,
				F7629862244728970033AE5C /* NavbarStackView.swift in Sources */,
				F7C92405244DAE7600A65ADE /* RegisterViewModel.swift in Sources */,
				F7EBCF8C2450934900CB3A9E /* CreateProfileViewModel.swift in Sources */,
				F76CE2D32469A9D600C0D0B5 /* MessageController.swift in Sources */,
				F7F50A8E244A0B3A00C5C39C /* SceneDelegate.swift in Sources */,
				F776E3E324463311006C3D16 /* Extensions+UIView.swift in Sources */,
				F76BC67B2454B48C009EEA10 /* ProfileCell.swift in Sources */,
				F7FDC8DE24560509009ED40C /* AgeRangeCell.swift in Sources */,
				F7F50A8A24486FEA00C5C39C /* Advertisement.swift in Sources */,
				F749BDE4246C8F9500053FF1 /* Message.swift in Sources */,
				F7F50A8824486BC600C5C39C /* UserProfileViewModel.swift in Sources */,
				F7A6FD5E24686841000ADFF2 /* ListController.swift in Sources */,
			);
			runOnlyForDeploymentPostprocessing = 0;
		};
/* End PBXSourcesBuildPhase section */

/* Begin PBXVariantGroup section */
		F776E3D32446316F006C3D16 /* Main.storyboard */ = {
			isa = PBXVariantGroup;
			children = (
				F776E3D42446316F006C3D16 /* Base */,
			);
			name = Main.storyboard;
			sourceTree = "<group>";
		};
		F776E3D824463172006C3D16 /* LaunchScreen.storyboard */ = {
			isa = PBXVariantGroup;
			children = (
				F776E3D924463172006C3D16 /* Base */,
			);
			name = LaunchScreen.storyboard;
			sourceTree = "<group>";
		};
/* End PBXVariantGroup section */

/* Begin XCBuildConfiguration section */
		F776E3DC24463172006C3D16 /* Debug */ = {
			isa = XCBuildConfiguration;
			buildSettings = {
				ALWAYS_SEARCH_USER_PATHS = NO;
				CLANG_ANALYZER_NONNULL = YES;
				CLANG_ANALYZER_NUMBER_OBJECT_CONVERSION = YES_AGGRESSIVE;
				CLANG_CXX_LANGUAGE_STANDARD = "gnu++14";
				CLANG_CXX_LIBRARY = "libc++";
				CLANG_ENABLE_MODULES = YES;
				CLANG_ENABLE_OBJC_ARC = YES;
				CLANG_ENABLE_OBJC_WEAK = YES;
				CLANG_WARN_BLOCK_CAPTURE_AUTORELEASING = YES;
				CLANG_WARN_BOOL_CONVERSION = YES;
				CLANG_WARN_COMMA = YES;
				CLANG_WARN_CONSTANT_CONVERSION = YES;
				CLANG_WARN_DEPRECATED_OBJC_IMPLEMENTATIONS = YES;
				CLANG_WARN_DIRECT_OBJC_ISA_USAGE = YES_ERROR;
				CLANG_WARN_DOCUMENTATION_COMMENTS = YES;
				CLANG_WARN_EMPTY_BODY = YES;
				CLANG_WARN_ENUM_CONVERSION = YES;
				CLANG_WARN_INFINITE_RECURSION = YES;
				CLANG_WARN_INT_CONVERSION = YES;
				CLANG_WARN_NON_LITERAL_NULL_CONVERSION = YES;
				CLANG_WARN_OBJC_IMPLICIT_RETAIN_SELF = YES;
				CLANG_WARN_OBJC_LITERAL_CONVERSION = YES;
				CLANG_WARN_OBJC_ROOT_CLASS = YES_ERROR;
				CLANG_WARN_RANGE_LOOP_ANALYSIS = YES;
				CLANG_WARN_STRICT_PROTOTYPES = YES;
				CLANG_WARN_SUSPICIOUS_MOVE = YES;
				CLANG_WARN_UNGUARDED_AVAILABILITY = YES_AGGRESSIVE;
				CLANG_WARN_UNREACHABLE_CODE = YES;
				CLANG_WARN__DUPLICATE_METHOD_MATCH = YES;
				COPY_PHASE_STRIP = NO;
				DEBUG_INFORMATION_FORMAT = dwarf;
				ENABLE_STRICT_OBJC_MSGSEND = YES;
				ENABLE_TESTABILITY = YES;
				GCC_C_LANGUAGE_STANDARD = gnu11;
				GCC_DYNAMIC_NO_PIC = NO;
				GCC_NO_COMMON_BLOCKS = YES;
				GCC_OPTIMIZATION_LEVEL = 0;
				GCC_PREPROCESSOR_DEFINITIONS = (
					"DEBUG=1",
					"$(inherited)",
				);
				GCC_WARN_64_TO_32_BIT_CONVERSION = YES;
				GCC_WARN_ABOUT_RETURN_TYPE = YES_ERROR;
				GCC_WARN_UNDECLARED_SELECTOR = YES;
				GCC_WARN_UNINITIALIZED_AUTOS = YES_AGGRESSIVE;
				GCC_WARN_UNUSED_FUNCTION = YES;
				GCC_WARN_UNUSED_VARIABLE = YES;
				IPHONEOS_DEPLOYMENT_TARGET = 13.2;
				MTL_ENABLE_DEBUG_INFO = INCLUDE_SOURCE;
				MTL_FAST_MATH = YES;
				ONLY_ACTIVE_ARCH = YES;
				SDKROOT = iphoneos;
				SWIFT_ACTIVE_COMPILATION_CONDITIONS = DEBUG;
				SWIFT_OPTIMIZATION_LEVEL = "-Onone";
			};
			name = Debug;
		};
		F776E3DD24463172006C3D16 /* Release */ = {
			isa = XCBuildConfiguration;
			buildSettings = {
				ALWAYS_SEARCH_USER_PATHS = NO;
				CLANG_ANALYZER_NONNULL = YES;
				CLANG_ANALYZER_NUMBER_OBJECT_CONVERSION = YES_AGGRESSIVE;
				CLANG_CXX_LANGUAGE_STANDARD = "gnu++14";
				CLANG_CXX_LIBRARY = "libc++";
				CLANG_ENABLE_MODULES = YES;
				CLANG_ENABLE_OBJC_ARC = YES;
				CLANG_ENABLE_OBJC_WEAK = YES;
				CLANG_WARN_BLOCK_CAPTURE_AUTORELEASING = YES;
				CLANG_WARN_BOOL_CONVERSION = YES;
				CLANG_WARN_COMMA = YES;
				CLANG_WARN_CONSTANT_CONVERSION = YES;
				CLANG_WARN_DEPRECATED_OBJC_IMPLEMENTATIONS = YES;
				CLANG_WARN_DIRECT_OBJC_ISA_USAGE = YES_ERROR;
				CLANG_WARN_DOCUMENTATION_COMMENTS = YES;
				CLANG_WARN_EMPTY_BODY = YES;
				CLANG_WARN_ENUM_CONVERSION = YES;
				CLANG_WARN_INFINITE_RECURSION = YES;
				CLANG_WARN_INT_CONVERSION = YES;
				CLANG_WARN_NON_LITERAL_NULL_CONVERSION = YES;
				CLANG_WARN_OBJC_IMPLICIT_RETAIN_SELF = YES;
				CLANG_WARN_OBJC_LITERAL_CONVERSION = YES;
				CLANG_WARN_OBJC_ROOT_CLASS = YES_ERROR;
				CLANG_WARN_RANGE_LOOP_ANALYSIS = YES;
				CLANG_WARN_STRICT_PROTOTYPES = YES;
				CLANG_WARN_SUSPICIOUS_MOVE = YES;
				CLANG_WARN_UNGUARDED_AVAILABILITY = YES_AGGRESSIVE;
				CLANG_WARN_UNREACHABLE_CODE = YES;
				CLANG_WARN__DUPLICATE_METHOD_MATCH = YES;
				COPY_PHASE_STRIP = NO;
				DEBUG_INFORMATION_FORMAT = "dwarf-with-dsym";
				ENABLE_NS_ASSERTIONS = NO;
				ENABLE_STRICT_OBJC_MSGSEND = YES;
				GCC_C_LANGUAGE_STANDARD = gnu11;
				GCC_NO_COMMON_BLOCKS = YES;
				GCC_WARN_64_TO_32_BIT_CONVERSION = YES;
				GCC_WARN_ABOUT_RETURN_TYPE = YES_ERROR;
				GCC_WARN_UNDECLARED_SELECTOR = YES;
				GCC_WARN_UNINITIALIZED_AUTOS = YES_AGGRESSIVE;
				GCC_WARN_UNUSED_FUNCTION = YES;
				GCC_WARN_UNUSED_VARIABLE = YES;
				IPHONEOS_DEPLOYMENT_TARGET = 13.2;
				MTL_ENABLE_DEBUG_INFO = NO;
				MTL_FAST_MATH = YES;
				SDKROOT = iphoneos;
				SWIFT_COMPILATION_MODE = wholemodule;
				SWIFT_OPTIMIZATION_LEVEL = "-O";
				VALIDATE_PRODUCT = YES;
			};
			name = Release;
		};
		F776E3DF24463172006C3D16 /* Debug */ = {
			isa = XCBuildConfiguration;
			baseConfigurationReference = 33C0033C57E9C49FF36A6DD5 /* Pods-letsMeet.debug.xcconfig */;
			buildSettings = {
				ASSETCATALOG_COMPILER_APPICON_NAME = AppIcon;
				CODE_SIGN_STYLE = Automatic;
				DEVELOPMENT_TEAM = TA6KQ356JN;
				INFOPLIST_FILE = letsMeet/SupportingFiles/Info.plist;
				LD_RUNPATH_SEARCH_PATHS = (
					"$(inherited)",
					"@executable_path/Frameworks",
				);
				PRODUCT_BUNDLE_IDENTIFIER = com.aisenur.letsMeet;
				PRODUCT_NAME = "$(TARGET_NAME)";
				SWIFT_VERSION = 5.0;
				TARGETED_DEVICE_FAMILY = "1,2";
			};
			name = Debug;
		};
		F776E3E024463172006C3D16 /* Release */ = {
			isa = XCBuildConfiguration;
			baseConfigurationReference = EA209CD17D44C68463EAB778 /* Pods-letsMeet.release.xcconfig */;
			buildSettings = {
				ASSETCATALOG_COMPILER_APPICON_NAME = AppIcon;
				CODE_SIGN_STYLE = Automatic;
				DEVELOPMENT_TEAM = TA6KQ356JN;
				INFOPLIST_FILE = letsMeet/SupportingFiles/Info.plist;
				LD_RUNPATH_SEARCH_PATHS = (
					"$(inherited)",
					"@executable_path/Frameworks",
				);
				PRODUCT_BUNDLE_IDENTIFIER = com.aisenur.letsMeet;
				PRODUCT_NAME = "$(TARGET_NAME)";
				SWIFT_VERSION = 5.0;
				TARGETED_DEVICE_FAMILY = "1,2";
			};
			name = Release;
		};
/* End XCBuildConfiguration section */

/* Begin XCConfigurationList section */
		F776E3C52446316F006C3D16 /* Build configuration list for PBXProject "letsMeet" */ = {
			isa = XCConfigurationList;
			buildConfigurations = (
				F776E3DC24463172006C3D16 /* Debug */,
				F776E3DD24463172006C3D16 /* Release */,
			);
			defaultConfigurationIsVisible = 0;
			defaultConfigurationName = Release;
		};
		F776E3DE24463172006C3D16 /* Build configuration list for PBXNativeTarget "letsMeet" */ = {
			isa = XCConfigurationList;
			buildConfigurations = (
				F776E3DF24463172006C3D16 /* Debug */,
				F776E3E024463172006C3D16 /* Release */,
			);
			defaultConfigurationIsVisible = 0;
			defaultConfigurationName = Release;
		};
/* End XCConfigurationList section */
	};
	rootObject = F776E3C22446316F006C3D16 /* Project object */;
}
